// !$*UTF8*$!
{
	archiveVersion = 1;
	classes = {
	};
	objectVersion = 48;
	objects = {

/* Begin PBXBuildFile section */
		BA00A099274DC352008CEFA5 /* ImplementStackusingQueues.swift in Sources */ = {isa = PBXBuildFile; fileRef = BA00A098274DC352008CEFA5 /* ImplementStackusingQueues.swift */; };
		BA00A09B274DC7CC008CEFA5 /* PermutationinString.swift in Sources */ = {isa = PBXBuildFile; fileRef = BA00A09A274DC7CC008CEFA5 /* PermutationinString.swift */; };
		BA0A1D7426B0E65B00CD7EBE /* KClosestPointstoOrigin.swift in Sources */ = {isa = PBXBuildFile; fileRef = BA0A1D7326B0E65B00CD7EBE /* KClosestPointstoOrigin.swift */; };
		BA0A1D7626B0ECFF00CD7EBE /* 3SumClosest.swift in Sources */ = {isa = PBXBuildFile; fileRef = BA0A1D7526B0ECFF00CD7EBE /* 3SumClosest.swift */; };
		BA0A1D7826BA1B4E00CD7EBE /* LastStoneWeight.swift in Sources */ = {isa = PBXBuildFile; fileRef = BA0A1D7726BA1B4E00CD7EBE /* LastStoneWeight.swift */; };
		BA0A1D7A26BA1D2400CD7EBE /* Heap.swift in Sources */ = {isa = PBXBuildFile; fileRef = BA0A1D7926BA1D2400CD7EBE /* Heap.swift */; };
		BA0A1D7C26BA277300CD7EBE /* DecodeString.swift in Sources */ = {isa = PBXBuildFile; fileRef = BA0A1D7B26BA277300CD7EBE /* DecodeString.swift */; };
		BA0A1D7E26BB31DB00CD7EBE /* MissingNumber.swift in Sources */ = {isa = PBXBuildFile; fileRef = BA0A1D7D26BB31DB00CD7EBE /* MissingNumber.swift */; };
		BA0A1D8026BB38CB00CD7EBE /* PathSumII.swift in Sources */ = {isa = PBXBuildFile; fileRef = BA0A1D7F26BB38CB00CD7EBE /* PathSumII.swift */; };
		BA0A1D8226BC78EE00CD7EBE /* LongestPalindromicSubstring.swift in Sources */ = {isa = PBXBuildFile; fileRef = BA0A1D8126BC78EE00CD7EBE /* LongestPalindromicSubstring.swift */; };
		BA0A1D8426BC845D00CD7EBE /* WordBreak.swift in Sources */ = {isa = PBXBuildFile; fileRef = BA0A1D8326BC845D00CD7EBE /* WordBreak.swift */; };
		BA0B318C256DF75D001C39F3 /* SearchinRotatedSortedArray.swift in Sources */ = {isa = PBXBuildFile; fileRef = BA0B318B256DF75D001C39F3 /* SearchinRotatedSortedArray.swift */; };
		BA5809E02566132E0059D20A /* BalancedBinaryTree.swift in Sources */ = {isa = PBXBuildFile; fileRef = BA5809DF2566132E0059D20A /* BalancedBinaryTree.swift */; };
		BA5809E9256613CB0059D20A /* TreeNode.swift in Sources */ = {isa = PBXBuildFile; fileRef = BA5809E8256613CB0059D20A /* TreeNode.swift */; };
		BA78D5F9286BD598009BA16F /* Subsets.swift in Sources */ = {isa = PBXBuildFile; fileRef = BA78D5F8286BD598009BA16F /* Subsets.swift */; };
		BA8ABA6D2862A16B004AA9FD /* ContainsDuplicate.swift in Sources */ = {isa = PBXBuildFile; fileRef = BA8ABA6C2862A16B004AA9FD /* ContainsDuplicate.swift */; };
		BA8ABA6F2862A437004AA9FD /* ValidAnagram.swift in Sources */ = {isa = PBXBuildFile; fileRef = BA8ABA6E2862A437004AA9FD /* ValidAnagram.swift */; };
		BA8ABA712862A8D4004AA9FD /* TwoSum.swift in Sources */ = {isa = PBXBuildFile; fileRef = BA8ABA702862A8D4004AA9FD /* TwoSum.swift */; };
		BA8ABA732864059C004AA9FD /* ValidPalindrome.swift in Sources */ = {isa = PBXBuildFile; fileRef = BA8ABA722864059C004AA9FD /* ValidPalindrome.swift */; };
		BA8ABA75286539EF004AA9FD /* BestTimetoBuyandSellStock.swift in Sources */ = {isa = PBXBuildFile; fileRef = BA8ABA74286539EF004AA9FD /* BestTimetoBuyandSellStock.swift */; };
		BA8ABA77286540AB004AA9FD /* MinStack.swift in Sources */ = {isa = PBXBuildFile; fileRef = BA8ABA76286540AB004AA9FD /* MinStack.swift */; };
		BA8ABA7928654445004AA9FD /* BinarySearch.swift in Sources */ = {isa = PBXBuildFile; fileRef = BA8ABA7828654445004AA9FD /* BinarySearch.swift */; };
		BA8ABA7B2866882A004AA9FD /* ReverseLinkedList.swift in Sources */ = {isa = PBXBuildFile; fileRef = BA8ABA7A2866882A004AA9FD /* ReverseLinkedList.swift */; };
		BA8ABA7D28668F7E004AA9FD /* LinkedListCycle.swift in Sources */ = {isa = PBXBuildFile; fileRef = BA8ABA7C28668F7E004AA9FD /* LinkedListCycle.swift */; };
		BA8ABA7F2868DD91004AA9FD /* InvertBinaryTree.swift in Sources */ = {isa = PBXBuildFile; fileRef = BA8ABA7E2868DD91004AA9FD /* InvertBinaryTree.swift */; };
		BA8ABA812868E15F004AA9FD /* MaximumDepthofBinaryTree.swift in Sources */ = {isa = PBXBuildFile; fileRef = BA8ABA802868E15F004AA9FD /* MaximumDepthofBinaryTree.swift */; };
		BA8ABA832868E660004AA9FD /* DiameterofBinaryTree.swift in Sources */ = {isa = PBXBuildFile; fileRef = BA8ABA822868E660004AA9FD /* DiameterofBinaryTree.swift */; };
		BA97451926F0339300C0DC15 /* MaximumProductoftheLengthofTwoPalindromicSubsequences.swift in Sources */ = {isa = PBXBuildFile; fileRef = BA97451826F0339300C0DC15 /* MaximumProductoftheLengthofTwoPalindromicSubsequences.swift */; };
		BA97451B26F1732C00C0DC15 /* NumberofPairsofInterchangeableRectangles.swift in Sources */ = {isa = PBXBuildFile; fileRef = BA97451A26F1732C00C0DC15 /* NumberofPairsofInterchangeableRectangles.swift */; };
		BA9BE4E3286D3DBB00C68DBD /* NumberofIslands.swift in Sources */ = {isa = PBXBuildFile; fileRef = BA9BE4E2286D3DBB00C68DBD /* NumberofIslands.swift */; };
		BA9BE4E5286E866F00C68DBD /* ClimbingStairs.swift in Sources */ = {isa = PBXBuildFile; fileRef = BA9BE4E4286E866F00C68DBD /* ClimbingStairs.swift */; };
		BA9BE4E7286E891E00C68DBD /* MinCostClimbingStairs.swift in Sources */ = {isa = PBXBuildFile; fileRef = BA9BE4E6286E891E00C68DBD /* MinCostClimbingStairs.swift */; };
		BA9BE4E928750D9C00C68DBD /* MeetingRooms.swift in Sources */ = {isa = PBXBuildFile; fileRef = BA9BE4E828750D9C00C68DBD /* MeetingRooms.swift */; };
		BA9BE4EB28750DCA00C68DBD /* Interval.swift in Sources */ = {isa = PBXBuildFile; fileRef = BA9BE4EA28750DCA00C68DBD /* Interval.swift */; };
		BA9BE4ED287510DB00C68DBD /* FibonacciNumber.swift in Sources */ = {isa = PBXBuildFile; fileRef = BA9BE4EC287510DB00C68DBD /* FibonacciNumber.swift */; };
		BA9BE4EF28751B0500C68DBD /* HappyNumber.swift in Sources */ = {isa = PBXBuildFile; fileRef = BA9BE4EE28751B0500C68DBD /* HappyNumber.swift */; };
		BA9BE4F1287522A400C68DBD /* PlusOne.swift in Sources */ = {isa = PBXBuildFile; fileRef = BA9BE4F0287522A400C68DBD /* PlusOne.swift */; };
		BA9BE4F328752ADA00C68DBD /* SingleNumber.swift in Sources */ = {isa = PBXBuildFile; fileRef = BA9BE4F228752ADA00C68DBD /* SingleNumber.swift */; };
		BA9BE4F52876789100C68DBD /* GroupAnagrams.swift in Sources */ = {isa = PBXBuildFile; fileRef = BA9BE4F42876789100C68DBD /* GroupAnagrams.swift */; };
		BAA61DBF286A843000AF4E0A /* KthLargestElementinaStream.swift in Sources */ = {isa = PBXBuildFile; fileRef = BAA61DBE286A843000AF4E0A /* KthLargestElementinaStream.swift */; };
		BAB59E9627ECF92F005AB02E /* BoatstoSavePeople.swift in Sources */ = {isa = PBXBuildFile; fileRef = BAB59E9527ECF92F005AB02E /* BoatstoSavePeople.swift */; };
		BABECA3E27EE506F00633F6E /* TwoCityScheduling.swift in Sources */ = {isa = PBXBuildFile; fileRef = BABECA3D27EE506F00633F6E /* TwoCityScheduling.swift */; };
		BABECA4127EE596C00633F6E /* ShortestBridge.swift in Sources */ = {isa = PBXBuildFile; fileRef = BABECA4027EE596C00633F6E /* ShortestBridge.swift */; };
		BABECA4327F24C9100633F6E /* BinarySearchTreeIterator.swift in Sources */ = {isa = PBXBuildFile; fileRef = BABECA4227F24C9100633F6E /* BinarySearchTreeIterator.swift */; };
		BAC15A4B268D410B0036D863 /* SearchInsertPosition.swift in Sources */ = {isa = PBXBuildFile; fileRef = BAC15A4A268D410B0036D863 /* SearchInsertPosition.swift */; };
		BAC15A4E268D4A0D0036D863 /* FirstBadVersion.swift in Sources */ = {isa = PBXBuildFile; fileRef = BAC15A4D268D4A0D0036D863 /* FirstBadVersion.swift */; };
		BAC15A50268E97190036D863 /* MaximumSubarray.swift in Sources */ = {isa = PBXBuildFile; fileRef = BAC15A4F268E97190036D863 /* MaximumSubarray.swift */; };
		BAC15A52268E9CC50036D863 /* Sqrt.swift in Sources */ = {isa = PBXBuildFile; fileRef = BAC15A51268E9CC50036D863 /* Sqrt.swift */; };
		BAC15A5426952AC90036D863 /* ValidSudoku.swift in Sources */ = {isa = PBXBuildFile; fileRef = BAC15A5326952AC90036D863 /* ValidSudoku.swift */; };
		BAC15A56269685A10036D863 /* FindMinimuminRotatedSortedArray.swift in Sources */ = {isa = PBXBuildFile; fileRef = BAC15A55269685A10036D863 /* FindMinimuminRotatedSortedArray.swift */; };
		BAC15A58269693120036D863 /* ThreeSum.swift in Sources */ = {isa = PBXBuildFile; fileRef = BAC15A57269693120036D863 /* ThreeSum.swift */; };
		BAC15A5A2697C7870036D863 /* EliminateMaximumNumberofMonsters.swift in Sources */ = {isa = PBXBuildFile; fileRef = BAC15A592697C7870036D863 /* EliminateMaximumNumberofMonsters.swift */; };
		BAC15A5C269920630036D863 /* MultiplyStrings.swift in Sources */ = {isa = PBXBuildFile; fileRef = BAC15A5B269920630036D863 /* MultiplyStrings.swift */; };
		BAC15A5E269E66FF0036D863 /* CombinationSumII.swift in Sources */ = {isa = PBXBuildFile; fileRef = BAC15A5D269E66FF0036D863 /* CombinationSumII.swift */; };
		BAC15A60269E69D40036D863 /* CombinationSum.swift in Sources */ = {isa = PBXBuildFile; fileRef = BAC15A5F269E69D40036D863 /* CombinationSum.swift */; };
		BAC15A62269FB0AE0036D863 /* EncodeAndDecodeString.swift in Sources */ = {isa = PBXBuildFile; fileRef = BAC15A61269FB0AE0036D863 /* EncodeAndDecodeString.swift */; };
		BAC15A64269FB88D0036D863 /* RotateArray.swift in Sources */ = {isa = PBXBuildFile; fileRef = BAC15A63269FB88D0036D863 /* RotateArray.swift */; };
		BAC15A67269FC0B60036D863 /* ReverseBits.swift in Sources */ = {isa = PBXBuildFile; fileRef = BAC15A66269FC0B60036D863 /* ReverseBits.swift */; };
		BAC15A6A26A0B6290036D863 /* MinimumPathSum.swift in Sources */ = {isa = PBXBuildFile; fileRef = BAC15A6926A0B6290036D863 /* MinimumPathSum.swift */; };
		BAC15A6C26A0CE2F0036D863 /* UniqueLength3PalindromicSubsequences.swift in Sources */ = {isa = PBXBuildFile; fileRef = BAC15A6B26A0CE2F0036D863 /* UniqueLength3PalindromicSubsequences.swift */; };
		BAC15A6E26A102DC0036D863 /* DecodeWays.swift in Sources */ = {isa = PBXBuildFile; fileRef = BAC15A6D26A102DC0036D863 /* DecodeWays.swift */; };
		BAC15A7126A64D680036D863 /* InsertInterval.swift in Sources */ = {isa = PBXBuildFile; fileRef = BAC15A7026A64D680036D863 /* InsertInterval.swift */; };
		BAC15A7326A765F00036D863 /* ReorderList.swift in Sources */ = {isa = PBXBuildFile; fileRef = BAC15A7226A765F00036D863 /* ReorderList.swift */; };
		BAC15A7526A76F570036D863 /* PaintHouse.swift in Sources */ = {isa = PBXBuildFile; fileRef = BAC15A7426A76F570036D863 /* PaintHouse.swift */; };
		BAC15A7726A773600036D863 /* ShuffleAnArray.swift in Sources */ = {isa = PBXBuildFile; fileRef = BAC15A7626A773600036D863 /* ShuffleAnArray.swift */; };
		BAC15A7A26AA4F3C0036D863 /* RobotBoundedInCircle.swift in Sources */ = {isa = PBXBuildFile; fileRef = BAC15A7926AA4F3C0036D863 /* RobotBoundedInCircle.swift */; };
		BAC15A7C26AA53CA0036D863 /* VerifyinganAlienDictionary.swift in Sources */ = {isa = PBXBuildFile; fileRef = BAC15A7B26AA53CA0036D863 /* VerifyinganAlienDictionary.swift */; };
		BACF4A4926797FDB00C96331 /* MergeSortedArray.swift in Sources */ = {isa = PBXBuildFile; fileRef = BACF4A4826797FDB00C96331 /* MergeSortedArray.swift */; };
		BAFD5A022668563300A7A5C9 /* BinaryTreeInorderTraversal.swift in Sources */ = {isa = PBXBuildFile; fileRef = BAFD5A012668563300A7A5C9 /* BinaryTreeInorderTraversal.swift */; };
		BAFD5A08266D471700A7A5C9 /* AddBinary.swift in Sources */ = {isa = PBXBuildFile; fileRef = BAFD5A07266D471700A7A5C9 /* AddBinary.swift */; };
		E90D643E2064D3C8003C62C3 /* RegularExpressionMatching.swift in Sources */ = {isa = PBXBuildFile; fileRef = E90D643D2064D3C8003C62C3 /* RegularExpressionMatching.swift */; };
		E920D38C20638938000C06FB /* AddTwoNumbers.swift in Sources */ = {isa = PBXBuildFile; fileRef = E920D38B20638938000C06FB /* AddTwoNumbers.swift */; };
		E920D38E206391A6000C06FB /* LongestSubstringWithoutRepeatingCharacters.swift in Sources */ = {isa = PBXBuildFile; fileRef = E920D38D206391A6000C06FB /* LongestSubstringWithoutRepeatingCharacters.swift */; };
		E920D3902063AAE7000C06FB /* ValidParentheses.swift in Sources */ = {isa = PBXBuildFile; fileRef = E920D38F2063AAE7000C06FB /* ValidParentheses.swift */; };
		E93A56C32108A87000C8A95C /* KthLargestElementInArray.swift in Sources */ = {isa = PBXBuildFile; fileRef = E93A56C22108A87000C8A95C /* KthLargestElementInArray.swift */; };
		E971D064213686C00084B631 /* ImplementStrStr.swift in Sources */ = {isa = PBXBuildFile; fileRef = E971D063213686C00084B631 /* ImplementStrStr.swift */; };
		E971D068213687B00084B631 /* Implementstrstr.c in Sources */ = {isa = PBXBuildFile; fileRef = E971D067213687B00084B631 /* Implementstrstr.c */; };
		E97325EF1FC2BB7D001E267C /* main.swift in Sources */ = {isa = PBXBuildFile; fileRef = E97325EE1FC2BB7D001E267C /* main.swift */; };
		E97325F61FC2BBD0001E267C /* ReverseInteger.swift in Sources */ = {isa = PBXBuildFile; fileRef = E97325F51FC2BBD0001E267C /* ReverseInteger.swift */; };
		E97325F81FC2CBB5001E267C /* MergeTwoSortedLists.swift in Sources */ = {isa = PBXBuildFile; fileRef = E97325F71FC2CBB5001E267C /* MergeTwoSortedLists.swift */; };
		E9AAB5871FC2D3D900A9605C /* ListNode.swift in Sources */ = {isa = PBXBuildFile; fileRef = E9AAB5861FC2D3D900A9605C /* ListNode.swift */; };
		E9B8BC612114488D00529669 /* RemoveDuplicatesFromSortedArray.swift in Sources */ = {isa = PBXBuildFile; fileRef = E9B8BC602114488D00529669 /* RemoveDuplicatesFromSortedArray.swift */; };
		E9B8BC6321144EAF00529669 /* RemoveElement.swift in Sources */ = {isa = PBXBuildFile; fileRef = E9B8BC6221144EAF00529669 /* RemoveElement.swift */; };
		E9F813742062389900CCF69B /* LongestCommonPrefix.swift in Sources */ = {isa = PBXBuildFile; fileRef = E9F813732062389900CCF69B /* LongestCommonPrefix.swift */; };
/* End PBXBuildFile section */

/* Begin PBXCopyFilesBuildPhase section */
		E97325E91FC2BB7D001E267C /* CopyFiles */ = {
			isa = PBXCopyFilesBuildPhase;
			buildActionMask = 2147483647;
			dstPath = /usr/share/man/man1/;
			dstSubfolderSpec = 0;
			files = (
			);
			runOnlyForDeploymentPostprocessing = 1;
		};
/* End PBXCopyFilesBuildPhase section */

/* Begin PBXFileReference section */
		BA00A098274DC352008CEFA5 /* ImplementStackusingQueues.swift */ = {isa = PBXFileReference; lastKnownFileType = sourcecode.swift; path = ImplementStackusingQueues.swift; sourceTree = "<group>"; };
		BA00A09A274DC7CC008CEFA5 /* PermutationinString.swift */ = {isa = PBXFileReference; lastKnownFileType = sourcecode.swift; path = PermutationinString.swift; sourceTree = "<group>"; };
		BA0A1D7326B0E65B00CD7EBE /* KClosestPointstoOrigin.swift */ = {isa = PBXFileReference; lastKnownFileType = sourcecode.swift; path = KClosestPointstoOrigin.swift; sourceTree = "<group>"; };
		BA0A1D7526B0ECFF00CD7EBE /* 3SumClosest.swift */ = {isa = PBXFileReference; lastKnownFileType = sourcecode.swift; path = 3SumClosest.swift; sourceTree = "<group>"; };
		BA0A1D7726BA1B4E00CD7EBE /* LastStoneWeight.swift */ = {isa = PBXFileReference; lastKnownFileType = sourcecode.swift; path = LastStoneWeight.swift; sourceTree = "<group>"; };
		BA0A1D7926BA1D2400CD7EBE /* Heap.swift */ = {isa = PBXFileReference; fileEncoding = 4; lastKnownFileType = sourcecode.swift; path = Heap.swift; sourceTree = "<group>"; };
		BA0A1D7B26BA277300CD7EBE /* DecodeString.swift */ = {isa = PBXFileReference; lastKnownFileType = sourcecode.swift; path = DecodeString.swift; sourceTree = "<group>"; };
		BA0A1D7D26BB31DB00CD7EBE /* MissingNumber.swift */ = {isa = PBXFileReference; lastKnownFileType = sourcecode.swift; path = MissingNumber.swift; sourceTree = "<group>"; };
		BA0A1D7F26BB38CB00CD7EBE /* PathSumII.swift */ = {isa = PBXFileReference; lastKnownFileType = sourcecode.swift; path = PathSumII.swift; sourceTree = "<group>"; };
		BA0A1D8126BC78EE00CD7EBE /* LongestPalindromicSubstring.swift */ = {isa = PBXFileReference; lastKnownFileType = sourcecode.swift; path = LongestPalindromicSubstring.swift; sourceTree = "<group>"; };
		BA0A1D8326BC845D00CD7EBE /* WordBreak.swift */ = {isa = PBXFileReference; lastKnownFileType = sourcecode.swift; path = WordBreak.swift; sourceTree = "<group>"; };
		BA0B318B256DF75D001C39F3 /* SearchinRotatedSortedArray.swift */ = {isa = PBXFileReference; lastKnownFileType = sourcecode.swift; path = SearchinRotatedSortedArray.swift; sourceTree = "<group>"; };
		BA5809DF2566132E0059D20A /* BalancedBinaryTree.swift */ = {isa = PBXFileReference; lastKnownFileType = sourcecode.swift; path = BalancedBinaryTree.swift; sourceTree = "<group>"; };
		BA5809E7256613A30059D20A /* BalancedBinaryTreeTest.swift */ = {isa = PBXFileReference; lastKnownFileType = sourcecode.swift; path = BalancedBinaryTreeTest.swift; sourceTree = "<group>"; };
		BA5809E8256613CB0059D20A /* TreeNode.swift */ = {isa = PBXFileReference; lastKnownFileType = sourcecode.swift; path = TreeNode.swift; sourceTree = "<group>"; };
		BA78D5F8286BD598009BA16F /* Subsets.swift */ = {isa = PBXFileReference; lastKnownFileType = sourcecode.swift; path = Subsets.swift; sourceTree = "<group>"; };
		BA8ABA6C2862A16B004AA9FD /* ContainsDuplicate.swift */ = {isa = PBXFileReference; lastKnownFileType = sourcecode.swift; path = ContainsDuplicate.swift; sourceTree = "<group>"; };
		BA8ABA6E2862A437004AA9FD /* ValidAnagram.swift */ = {isa = PBXFileReference; lastKnownFileType = sourcecode.swift; path = ValidAnagram.swift; sourceTree = "<group>"; };
		BA8ABA702862A8D4004AA9FD /* TwoSum.swift */ = {isa = PBXFileReference; lastKnownFileType = sourcecode.swift; path = TwoSum.swift; sourceTree = "<group>"; };
		BA8ABA722864059C004AA9FD /* ValidPalindrome.swift */ = {isa = PBXFileReference; lastKnownFileType = sourcecode.swift; path = ValidPalindrome.swift; sourceTree = "<group>"; };
		BA8ABA74286539EF004AA9FD /* BestTimetoBuyandSellStock.swift */ = {isa = PBXFileReference; lastKnownFileType = sourcecode.swift; path = BestTimetoBuyandSellStock.swift; sourceTree = "<group>"; };
		BA8ABA76286540AB004AA9FD /* MinStack.swift */ = {isa = PBXFileReference; lastKnownFileType = sourcecode.swift; path = MinStack.swift; sourceTree = "<group>"; };
		BA8ABA7828654445004AA9FD /* BinarySearch.swift */ = {isa = PBXFileReference; lastKnownFileType = sourcecode.swift; path = BinarySearch.swift; sourceTree = "<group>"; };
		BA8ABA7A2866882A004AA9FD /* ReverseLinkedList.swift */ = {isa = PBXFileReference; lastKnownFileType = sourcecode.swift; path = ReverseLinkedList.swift; sourceTree = "<group>"; };
		BA8ABA7C28668F7E004AA9FD /* LinkedListCycle.swift */ = {isa = PBXFileReference; lastKnownFileType = sourcecode.swift; path = LinkedListCycle.swift; sourceTree = "<group>"; };
		BA8ABA7E2868DD91004AA9FD /* InvertBinaryTree.swift */ = {isa = PBXFileReference; lastKnownFileType = sourcecode.swift; path = InvertBinaryTree.swift; sourceTree = "<group>"; };
		BA8ABA802868E15F004AA9FD /* MaximumDepthofBinaryTree.swift */ = {isa = PBXFileReference; lastKnownFileType = sourcecode.swift; path = MaximumDepthofBinaryTree.swift; sourceTree = "<group>"; };
		BA8ABA822868E660004AA9FD /* DiameterofBinaryTree.swift */ = {isa = PBXFileReference; lastKnownFileType = sourcecode.swift; path = DiameterofBinaryTree.swift; sourceTree = "<group>"; };
		BA97451826F0339300C0DC15 /* MaximumProductoftheLengthofTwoPalindromicSubsequences.swift */ = {isa = PBXFileReference; lastKnownFileType = sourcecode.swift; path = MaximumProductoftheLengthofTwoPalindromicSubsequences.swift; sourceTree = "<group>"; };
		BA97451A26F1732C00C0DC15 /* NumberofPairsofInterchangeableRectangles.swift */ = {isa = PBXFileReference; lastKnownFileType = sourcecode.swift; path = NumberofPairsofInterchangeableRectangles.swift; sourceTree = "<group>"; };
		BA9BE4E2286D3DBB00C68DBD /* NumberofIslands.swift */ = {isa = PBXFileReference; lastKnownFileType = sourcecode.swift; path = NumberofIslands.swift; sourceTree = "<group>"; };
		BA9BE4E4286E866F00C68DBD /* ClimbingStairs.swift */ = {isa = PBXFileReference; lastKnownFileType = sourcecode.swift; path = ClimbingStairs.swift; sourceTree = "<group>"; };
		BA9BE4E6286E891E00C68DBD /* MinCostClimbingStairs.swift */ = {isa = PBXFileReference; lastKnownFileType = sourcecode.swift; path = MinCostClimbingStairs.swift; sourceTree = "<group>"; };
		BA9BE4E828750D9C00C68DBD /* MeetingRooms.swift */ = {isa = PBXFileReference; lastKnownFileType = sourcecode.swift; path = MeetingRooms.swift; sourceTree = "<group>"; };
		BA9BE4EA28750DCA00C68DBD /* Interval.swift */ = {isa = PBXFileReference; lastKnownFileType = sourcecode.swift; path = Interval.swift; sourceTree = "<group>"; };
		BA9BE4EC287510DB00C68DBD /* FibonacciNumber.swift */ = {isa = PBXFileReference; lastKnownFileType = sourcecode.swift; path = FibonacciNumber.swift; sourceTree = "<group>"; };
		BA9BE4EE28751B0500C68DBD /* HappyNumber.swift */ = {isa = PBXFileReference; lastKnownFileType = sourcecode.swift; path = HappyNumber.swift; sourceTree = "<group>"; };
		BA9BE4F0287522A400C68DBD /* PlusOne.swift */ = {isa = PBXFileReference; lastKnownFileType = sourcecode.swift; path = PlusOne.swift; sourceTree = "<group>"; };
		BA9BE4F228752ADA00C68DBD /* SingleNumber.swift */ = {isa = PBXFileReference; lastKnownFileType = sourcecode.swift; path = SingleNumber.swift; sourceTree = "<group>"; };
		BA9BE4F42876789100C68DBD /* GroupAnagrams.swift */ = {isa = PBXFileReference; lastKnownFileType = sourcecode.swift; path = GroupAnagrams.swift; sourceTree = "<group>"; };
		BAA61DBE286A843000AF4E0A /* KthLargestElementinaStream.swift */ = {isa = PBXFileReference; lastKnownFileType = sourcecode.swift; path = KthLargestElementinaStream.swift; sourceTree = "<group>"; };
		BAB59E9527ECF92F005AB02E /* BoatstoSavePeople.swift */ = {isa = PBXFileReference; lastKnownFileType = sourcecode.swift; path = BoatstoSavePeople.swift; sourceTree = "<group>"; };
		BABECA3D27EE506F00633F6E /* TwoCityScheduling.swift */ = {isa = PBXFileReference; lastKnownFileType = sourcecode.swift; path = TwoCityScheduling.swift; sourceTree = "<group>"; };
		BABECA4027EE596C00633F6E /* ShortestBridge.swift */ = {isa = PBXFileReference; lastKnownFileType = sourcecode.swift; path = ShortestBridge.swift; sourceTree = "<group>"; };
		BABECA4227F24C9100633F6E /* BinarySearchTreeIterator.swift */ = {isa = PBXFileReference; lastKnownFileType = sourcecode.swift; path = BinarySearchTreeIterator.swift; sourceTree = "<group>"; };
		BAC15A4A268D410B0036D863 /* SearchInsertPosition.swift */ = {isa = PBXFileReference; lastKnownFileType = sourcecode.swift; path = SearchInsertPosition.swift; sourceTree = "<group>"; };
		BAC15A4D268D4A0D0036D863 /* FirstBadVersion.swift */ = {isa = PBXFileReference; lastKnownFileType = sourcecode.swift; path = FirstBadVersion.swift; sourceTree = "<group>"; };
		BAC15A4F268E97190036D863 /* MaximumSubarray.swift */ = {isa = PBXFileReference; lastKnownFileType = sourcecode.swift; path = MaximumSubarray.swift; sourceTree = "<group>"; };
		BAC15A51268E9CC50036D863 /* Sqrt.swift */ = {isa = PBXFileReference; lastKnownFileType = sourcecode.swift; path = Sqrt.swift; sourceTree = "<group>"; };
		BAC15A5326952AC90036D863 /* ValidSudoku.swift */ = {isa = PBXFileReference; lastKnownFileType = sourcecode.swift; path = ValidSudoku.swift; sourceTree = "<group>"; };
		BAC15A55269685A10036D863 /* FindMinimuminRotatedSortedArray.swift */ = {isa = PBXFileReference; lastKnownFileType = sourcecode.swift; path = FindMinimuminRotatedSortedArray.swift; sourceTree = "<group>"; };
		BAC15A57269693120036D863 /* ThreeSum.swift */ = {isa = PBXFileReference; lastKnownFileType = sourcecode.swift; path = ThreeSum.swift; sourceTree = "<group>"; };
		BAC15A592697C7870036D863 /* EliminateMaximumNumberofMonsters.swift */ = {isa = PBXFileReference; lastKnownFileType = sourcecode.swift; path = EliminateMaximumNumberofMonsters.swift; sourceTree = "<group>"; };
		BAC15A5B269920630036D863 /* MultiplyStrings.swift */ = {isa = PBXFileReference; lastKnownFileType = sourcecode.swift; path = MultiplyStrings.swift; sourceTree = "<group>"; };
		BAC15A5D269E66FF0036D863 /* CombinationSumII.swift */ = {isa = PBXFileReference; lastKnownFileType = sourcecode.swift; path = CombinationSumII.swift; sourceTree = "<group>"; };
		BAC15A5F269E69D40036D863 /* CombinationSum.swift */ = {isa = PBXFileReference; lastKnownFileType = sourcecode.swift; path = CombinationSum.swift; sourceTree = "<group>"; };
		BAC15A61269FB0AE0036D863 /* EncodeAndDecodeString.swift */ = {isa = PBXFileReference; lastKnownFileType = sourcecode.swift; path = EncodeAndDecodeString.swift; sourceTree = "<group>"; };
		BAC15A63269FB88D0036D863 /* RotateArray.swift */ = {isa = PBXFileReference; lastKnownFileType = sourcecode.swift; path = RotateArray.swift; sourceTree = "<group>"; };
		BAC15A66269FC0B60036D863 /* ReverseBits.swift */ = {isa = PBXFileReference; lastKnownFileType = sourcecode.swift; path = ReverseBits.swift; sourceTree = "<group>"; };
		BAC15A6926A0B6290036D863 /* MinimumPathSum.swift */ = {isa = PBXFileReference; lastKnownFileType = sourcecode.swift; path = MinimumPathSum.swift; sourceTree = "<group>"; };
		BAC15A6B26A0CE2F0036D863 /* UniqueLength3PalindromicSubsequences.swift */ = {isa = PBXFileReference; lastKnownFileType = sourcecode.swift; path = UniqueLength3PalindromicSubsequences.swift; sourceTree = "<group>"; };
		BAC15A6D26A102DC0036D863 /* DecodeWays.swift */ = {isa = PBXFileReference; lastKnownFileType = sourcecode.swift; path = DecodeWays.swift; sourceTree = "<group>"; };
		BAC15A7026A64D680036D863 /* InsertInterval.swift */ = {isa = PBXFileReference; lastKnownFileType = sourcecode.swift; path = InsertInterval.swift; sourceTree = "<group>"; };
		BAC15A7226A765F00036D863 /* ReorderList.swift */ = {isa = PBXFileReference; lastKnownFileType = sourcecode.swift; path = ReorderList.swift; sourceTree = "<group>"; };
		BAC15A7426A76F570036D863 /* PaintHouse.swift */ = {isa = PBXFileReference; lastKnownFileType = sourcecode.swift; path = PaintHouse.swift; sourceTree = "<group>"; };
		BAC15A7626A773600036D863 /* ShuffleAnArray.swift */ = {isa = PBXFileReference; lastKnownFileType = sourcecode.swift; path = ShuffleAnArray.swift; sourceTree = "<group>"; };
		BAC15A7926AA4F3C0036D863 /* RobotBoundedInCircle.swift */ = {isa = PBXFileReference; lastKnownFileType = sourcecode.swift; path = RobotBoundedInCircle.swift; sourceTree = "<group>"; };
		BAC15A7B26AA53CA0036D863 /* VerifyinganAlienDictionary.swift */ = {isa = PBXFileReference; lastKnownFileType = sourcecode.swift; path = VerifyinganAlienDictionary.swift; sourceTree = "<group>"; };
		BACF4A4826797FDB00C96331 /* MergeSortedArray.swift */ = {isa = PBXFileReference; lastKnownFileType = sourcecode.swift; path = MergeSortedArray.swift; sourceTree = "<group>"; };
		BAFD5A012668563300A7A5C9 /* BinaryTreeInorderTraversal.swift */ = {isa = PBXFileReference; lastKnownFileType = sourcecode.swift; path = BinaryTreeInorderTraversal.swift; sourceTree = "<group>"; };
		BAFD5A07266D471700A7A5C9 /* AddBinary.swift */ = {isa = PBXFileReference; lastKnownFileType = sourcecode.swift; path = AddBinary.swift; sourceTree = "<group>"; };
		E90D643D2064D3C8003C62C3 /* RegularExpressionMatching.swift */ = {isa = PBXFileReference; lastKnownFileType = sourcecode.swift; path = RegularExpressionMatching.swift; sourceTree = "<group>"; };
		E920D38B20638938000C06FB /* AddTwoNumbers.swift */ = {isa = PBXFileReference; lastKnownFileType = sourcecode.swift; path = AddTwoNumbers.swift; sourceTree = "<group>"; };
		E920D38D206391A6000C06FB /* LongestSubstringWithoutRepeatingCharacters.swift */ = {isa = PBXFileReference; lastKnownFileType = sourcecode.swift; path = LongestSubstringWithoutRepeatingCharacters.swift; sourceTree = "<group>"; };
		E920D38F2063AAE7000C06FB /* ValidParentheses.swift */ = {isa = PBXFileReference; lastKnownFileType = sourcecode.swift; path = ValidParentheses.swift; sourceTree = "<group>"; };
		E93A56C22108A87000C8A95C /* KthLargestElementInArray.swift */ = {isa = PBXFileReference; lastKnownFileType = sourcecode.swift; path = KthLargestElementInArray.swift; sourceTree = "<group>"; };
		E971D063213686C00084B631 /* ImplementStrStr.swift */ = {isa = PBXFileReference; lastKnownFileType = sourcecode.swift; path = ImplementStrStr.swift; sourceTree = "<group>"; };
		E971D066213687AF0084B631 /* leetcode-Bridging-Header.h */ = {isa = PBXFileReference; lastKnownFileType = sourcecode.c.h; path = "leetcode-Bridging-Header.h"; sourceTree = "<group>"; };
		E971D067213687B00084B631 /* Implementstrstr.c */ = {isa = PBXFileReference; lastKnownFileType = sourcecode.c.c; path = Implementstrstr.c; sourceTree = "<group>"; };
		E97325EB1FC2BB7D001E267C /* leetcode */ = {isa = PBXFileReference; explicitFileType = "compiled.mach-o.executable"; includeInIndex = 0; path = leetcode; sourceTree = BUILT_PRODUCTS_DIR; };
		E97325EE1FC2BB7D001E267C /* main.swift */ = {isa = PBXFileReference; lastKnownFileType = sourcecode.swift; path = main.swift; sourceTree = "<group>"; };
		E97325F51FC2BBD0001E267C /* ReverseInteger.swift */ = {isa = PBXFileReference; lastKnownFileType = sourcecode.swift; path = ReverseInteger.swift; sourceTree = "<group>"; };
		E97325F71FC2CBB5001E267C /* MergeTwoSortedLists.swift */ = {isa = PBXFileReference; lastKnownFileType = sourcecode.swift; path = MergeTwoSortedLists.swift; sourceTree = "<group>"; };
		E9AAB5861FC2D3D900A9605C /* ListNode.swift */ = {isa = PBXFileReference; lastKnownFileType = sourcecode.swift; path = ListNode.swift; sourceTree = "<group>"; };
		E9B8BC602114488D00529669 /* RemoveDuplicatesFromSortedArray.swift */ = {isa = PBXFileReference; lastKnownFileType = sourcecode.swift; path = RemoveDuplicatesFromSortedArray.swift; sourceTree = "<group>"; };
		E9B8BC6221144EAF00529669 /* RemoveElement.swift */ = {isa = PBXFileReference; lastKnownFileType = sourcecode.swift; path = RemoveElement.swift; sourceTree = "<group>"; };
		E9F813732062389900CCF69B /* LongestCommonPrefix.swift */ = {isa = PBXFileReference; lastKnownFileType = sourcecode.swift; path = LongestCommonPrefix.swift; sourceTree = "<group>"; };
/* End PBXFileReference section */

/* Begin PBXFrameworksBuildPhase section */
		E97325E81FC2BB7D001E267C /* Frameworks */ = {
			isa = PBXFrameworksBuildPhase;
			buildActionMask = 2147483647;
			files = (
			);
			runOnlyForDeploymentPostprocessing = 0;
		};
/* End PBXFrameworksBuildPhase section */

/* Begin PBXGroup section */
		BA00A097274DC331008CEFA5 /* Stack */ = {
			isa = PBXGroup;
			children = (
				BA00A098274DC352008CEFA5 /* ImplementStackusingQueues.swift */,
				E920D38F2063AAE7000C06FB /* ValidParentheses.swift */,
				BA8ABA76286540AB004AA9FD /* MinStack.swift */,
			);
			path = Stack;
			sourceTree = "<group>";
		};
		BA0A1D7226B0E64800CD7EBE /* Heap */ = {
			isa = PBXGroup;
			children = (
				BA0A1D7326B0E65B00CD7EBE /* KClosestPointstoOrigin.swift */,
				BA0A1D7726BA1B4E00CD7EBE /* LastStoneWeight.swift */,
				BAA61DBE286A843000AF4E0A /* KthLargestElementinaStream.swift */,
			);
			path = Heap;
			sourceTree = "<group>";
		};
		BA5809E6256613A30059D20A /* TestCases */ = {
			isa = PBXGroup;
			children = (
				BA5809E7256613A30059D20A /* BalancedBinaryTreeTest.swift */,
			);
			name = TestCases;
			path = leetcode/TestCases;
			sourceTree = SOURCE_ROOT;
		};
		BA78D5F7286BD588009BA16F /* Backtracking */ = {
			isa = PBXGroup;
			children = (
				BA78D5F8286BD598009BA16F /* Subsets.swift */,
			);
			path = Backtracking;
			sourceTree = "<group>";
		};
		BA8ABA6B2862A156004AA9FD /* Array&Hashing */ = {
			isa = PBXGroup;
			children = (
				BA8ABA6C2862A16B004AA9FD /* ContainsDuplicate.swift */,
				BA8ABA6E2862A437004AA9FD /* ValidAnagram.swift */,
				BA8ABA702862A8D4004AA9FD /* TwoSum.swift */,
				BA9BE4F42876789100C68DBD /* GroupAnagrams.swift */,
			);
			path = "Array&Hashing";
			sourceTree = "<group>";
		};
		BA9BE4E1286D3CB900C68DBD /* Gragh */ = {
			isa = PBXGroup;
			children = (
				BA9BE4E2286D3DBB00C68DBD /* NumberofIslands.swift */,
			);
			path = Gragh;
			sourceTree = "<group>";
		};
		BABECA3C27EE505800633F6E /* Greedy */ = {
			isa = PBXGroup;
			children = (
				BAC15A4F268E97190036D863 /* MaximumSubarray.swift */,
				BABECA3D27EE506F00633F6E /* TwoCityScheduling.swift */,
			);
			path = Greedy;
			sourceTree = "<group>";
		};
		BABECA3F27EE595F00633F6E /* BFS */ = {
			isa = PBXGroup;
			children = (
				BABECA4027EE596C00633F6E /* ShortestBridge.swift */,
			);
			path = BFS;
			sourceTree = "<group>";
		};
		BAC15A4C268D49F20036D863 /* BinarySearch */ = {
			isa = PBXGroup;
			children = (
				BAC15A4D268D4A0D0036D863 /* FirstBadVersion.swift */,
				BAC15A51268E9CC50036D863 /* Sqrt.swift */,
				BAC15A55269685A10036D863 /* FindMinimuminRotatedSortedArray.swift */,
				BA8ABA7828654445004AA9FD /* BinarySearch.swift */,
			);
			path = BinarySearch;
			sourceTree = "<group>";
		};
		BAC15A65269FC0A60036D863 /* BitManipulation */ = {
			isa = PBXGroup;
			children = (
				BAC15A66269FC0B60036D863 /* ReverseBits.swift */,
				BA9BE4F228752ADA00C68DBD /* SingleNumber.swift */,
			);
			path = BitManipulation;
			sourceTree = "<group>";
		};
		BAC15A6826A0B57A0036D863 /* DynamicProgramming */ = {
			isa = PBXGroup;
			children = (
				BA9BE4E4286E866F00C68DBD /* ClimbingStairs.swift */,
				BAC15A6926A0B6290036D863 /* MinimumPathSum.swift */,
				BAC15A6D26A102DC0036D863 /* DecodeWays.swift */,
				BAC15A7426A76F570036D863 /* PaintHouse.swift */,
				BA0A1D8326BC845D00CD7EBE /* WordBreak.swift */,
				BA9BE4E6286E891E00C68DBD /* MinCostClimbingStairs.swift */,
				BA9BE4EC287510DB00C68DBD /* FibonacciNumber.swift */,
			);
			path = DynamicProgramming;
			sourceTree = "<group>";
		};
		BAC15A6F26A64D550036D863 /* Interval */ = {
			isa = PBXGroup;
			children = (
				BAC15A7026A64D680036D863 /* InsertInterval.swift */,
				BA9BE4E828750D9C00C68DBD /* MeetingRooms.swift */,
			);
			path = Interval;
			sourceTree = "<group>";
		};
		BAC15A7826AA4F250036D863 /* Math */ = {
			isa = PBXGroup;
			children = (
				BAC15A7926AA4F3C0036D863 /* RobotBoundedInCircle.swift */,
				BA0A1D7D26BB31DB00CD7EBE /* MissingNumber.swift */,
				BA9BE4EE28751B0500C68DBD /* HappyNumber.swift */,
				BA9BE4F0287522A400C68DBD /* PlusOne.swift */,
			);
			path = Math;
			sourceTree = "<group>";
		};
		BAFD5A032668565800A7A5C9 /* Tree */ = {
			isa = PBXGroup;
			children = (
				BA5809DF2566132E0059D20A /* BalancedBinaryTree.swift */,
				BAFD5A012668563300A7A5C9 /* BinaryTreeInorderTraversal.swift */,
				BA0A1D7F26BB38CB00CD7EBE /* PathSumII.swift */,
				BABECA4227F24C9100633F6E /* BinarySearchTreeIterator.swift */,
				BA8ABA7E2868DD91004AA9FD /* InvertBinaryTree.swift */,
				BA8ABA802868E15F004AA9FD /* MaximumDepthofBinaryTree.swift */,
				BA8ABA822868E660004AA9FD /* DiameterofBinaryTree.swift */,
			);
			path = Tree;
			sourceTree = "<group>";
		};
		BAFD5A042668566100A7A5C9 /* LinkedList */ = {
			isa = PBXGroup;
			children = (
				E97325F71FC2CBB5001E267C /* MergeTwoSortedLists.swift */,
				BAC15A7226A765F00036D863 /* ReorderList.swift */,
				BA8ABA7A2866882A004AA9FD /* ReverseLinkedList.swift */,
				BA8ABA7C28668F7E004AA9FD /* LinkedListCycle.swift */,
			);
			path = LinkedList;
			sourceTree = "<group>";
		};
		BAFD5A052668566B00A7A5C9 /* Array */ = {
			isa = PBXGroup;
			children = (
				E9B8BC602114488D00529669 /* RemoveDuplicatesFromSortedArray.swift */,
				E93A56C22108A87000C8A95C /* KthLargestElementInArray.swift */,
				BA0B318B256DF75D001C39F3 /* SearchinRotatedSortedArray.swift */,
				BACF4A4826797FDB00C96331 /* MergeSortedArray.swift */,
				BAC15A4A268D410B0036D863 /* SearchInsertPosition.swift */,
				BAC15A5326952AC90036D863 /* ValidSudoku.swift */,
				BAC15A57269693120036D863 /* ThreeSum.swift */,
				BAC15A592697C7870036D863 /* EliminateMaximumNumberofMonsters.swift */,
				BAC15A5D269E66FF0036D863 /* CombinationSumII.swift */,
				BAC15A5F269E69D40036D863 /* CombinationSum.swift */,
				BAC15A63269FB88D0036D863 /* RotateArray.swift */,
				BAC15A7626A773600036D863 /* ShuffleAnArray.swift */,
				BA0A1D7526B0ECFF00CD7EBE /* 3SumClosest.swift */,
				BA97451A26F1732C00C0DC15 /* NumberofPairsofInterchangeableRectangles.swift */,
				BAB59E9527ECF92F005AB02E /* BoatstoSavePeople.swift */,
				BA8ABA74286539EF004AA9FD /* BestTimetoBuyandSellStock.swift */,
			);
			path = Array;
			sourceTree = "<group>";
		};
		BAFD5A06266856A900A7A5C9 /* String */ = {
			isa = PBXGroup;
			children = (
				E971D063213686C00084B631 /* ImplementStrStr.swift */,
				E9F813732062389900CCF69B /* LongestCommonPrefix.swift */,
				E920D38D206391A6000C06FB /* LongestSubstringWithoutRepeatingCharacters.swift */,
				E9B8BC6221144EAF00529669 /* RemoveElement.swift */,
				BAFD5A07266D471700A7A5C9 /* AddBinary.swift */,
				BAC15A5B269920630036D863 /* MultiplyStrings.swift */,
				BAC15A61269FB0AE0036D863 /* EncodeAndDecodeString.swift */,
				BAC15A6B26A0CE2F0036D863 /* UniqueLength3PalindromicSubsequences.swift */,
				BAC15A7B26AA53CA0036D863 /* VerifyinganAlienDictionary.swift */,
				BA0A1D7B26BA277300CD7EBE /* DecodeString.swift */,
				BA0A1D8126BC78EE00CD7EBE /* LongestPalindromicSubstring.swift */,
				BA97451826F0339300C0DC15 /* MaximumProductoftheLengthofTwoPalindromicSubsequences.swift */,
				BA00A09A274DC7CC008CEFA5 /* PermutationinString.swift */,
				BA8ABA722864059C004AA9FD /* ValidPalindrome.swift */,
			);
			path = String;
			sourceTree = "<group>";
		};
		E971D065213687890084B631 /* C */ = {
			isa = PBXGroup;
			children = (
				E971D067213687B00084B631 /* Implementstrstr.c */,
				E971D066213687AF0084B631 /* leetcode-Bridging-Header.h */,
			);
			path = C;
			sourceTree = "<group>";
		};
		E97325E21FC2BB7D001E267C = {
			isa = PBXGroup;
			children = (
				E97325ED1FC2BB7D001E267C /* leetcode */,
				E97325EC1FC2BB7D001E267C /* Products */,
			);
			sourceTree = "<group>";
		};
		E97325EC1FC2BB7D001E267C /* Products */ = {
			isa = PBXGroup;
			children = (
				E97325EB1FC2BB7D001E267C /* leetcode */,
			);
			name = Products;
			sourceTree = "<group>";
		};
		E97325ED1FC2BB7D001E267C /* leetcode */ = {
			isa = PBXGroup;
			children = (
				E971D065213687890084B631 /* C */,
				E9F813722062369100CCF69B /* Solutions */,
				E97D22BB1FCD6CBA003B3CEB /* Common */,
				BA5809E6256613A30059D20A /* TestCases */,
				E97325EE1FC2BB7D001E267C /* main.swift */,
			);
			path = leetcode;
			sourceTree = "<group>";
		};
		E97D22BB1FCD6CBA003B3CEB /* Common */ = {
			isa = PBXGroup;
			children = (
				BA0A1D7926BA1D2400CD7EBE /* Heap.swift */,
				E9AAB5861FC2D3D900A9605C /* ListNode.swift */,
				BA5809E8256613CB0059D20A /* TreeNode.swift */,
				BA9BE4EA28750DCA00C68DBD /* Interval.swift */,
			);
			path = Common;
			sourceTree = "<group>";
		};
		E9F813722062369100CCF69B /* Solutions */ = {
			isa = PBXGroup;
			children = (
				BA9BE4E1286D3CB900C68DBD /* Gragh */,
				BA78D5F7286BD588009BA16F /* Backtracking */,
				BA8ABA6B2862A156004AA9FD /* Array&Hashing */,
				BABECA3F27EE595F00633F6E /* BFS */,
				BABECA3C27EE505800633F6E /* Greedy */,
				BA00A097274DC331008CEFA5 /* Stack */,
				BA0A1D7226B0E64800CD7EBE /* Heap */,
				BAC15A7826AA4F250036D863 /* Math */,
				BAC15A6F26A64D550036D863 /* Interval */,
				BAC15A6826A0B57A0036D863 /* DynamicProgramming */,
				BAC15A65269FC0A60036D863 /* BitManipulation */,
				BAC15A4C268D49F20036D863 /* BinarySearch */,
				BAFD5A06266856A900A7A5C9 /* String */,
				BAFD5A052668566B00A7A5C9 /* Array */,
				BAFD5A042668566100A7A5C9 /* LinkedList */,
				BAFD5A032668565800A7A5C9 /* Tree */,
				E97325F51FC2BBD0001E267C /* ReverseInteger.swift */,
				E920D38B20638938000C06FB /* AddTwoNumbers.swift */,
				E90D643D2064D3C8003C62C3 /* RegularExpressionMatching.swift */,
			);
			path = Solutions;
			sourceTree = "<group>";
		};
/* End PBXGroup section */

/* Begin PBXNativeTarget section */
		E97325EA1FC2BB7D001E267C /* leetcode */ = {
			isa = PBXNativeTarget;
			buildConfigurationList = E97325F21FC2BB7D001E267C /* Build configuration list for PBXNativeTarget "leetcode" */;
			buildPhases = (
				E97325E71FC2BB7D001E267C /* Sources */,
				E97325E81FC2BB7D001E267C /* Frameworks */,
				E97325E91FC2BB7D001E267C /* CopyFiles */,
			);
			buildRules = (
			);
			dependencies = (
			);
			name = leetcode;
			productName = leetcode;
			productReference = E97325EB1FC2BB7D001E267C /* leetcode */;
			productType = "com.apple.product-type.tool";
		};
/* End PBXNativeTarget section */

/* Begin PBXProject section */
		E97325E31FC2BB7D001E267C /* Project object */ = {
			isa = PBXProject;
			attributes = {
				LastSwiftUpdateCheck = 0900;
				LastUpgradeCheck = 1330;
				ORGANIZATIONNAME = Pirate;
				TargetAttributes = {
					E97325EA1FC2BB7D001E267C = {
						CreatedOnToolsVersion = 9.0;
						LastSwiftMigration = 1330;
						ProvisioningStyle = Automatic;
					};
				};
			};
			buildConfigurationList = E97325E61FC2BB7D001E267C /* Build configuration list for PBXProject "leetcode" */;
			compatibilityVersion = "Xcode 8.0";
			developmentRegion = en;
			hasScannedForEncodings = 0;
			knownRegions = (
				en,
			);
			mainGroup = E97325E21FC2BB7D001E267C;
			productRefGroup = E97325EC1FC2BB7D001E267C /* Products */;
			projectDirPath = "";
			projectRoot = "";
			targets = (
				E97325EA1FC2BB7D001E267C /* leetcode */,
			);
		};
/* End PBXProject section */

/* Begin PBXSourcesBuildPhase section */
		E97325E71FC2BB7D001E267C /* Sources */ = {
			isa = PBXSourcesBuildPhase;
			buildActionMask = 2147483647;
			files = (
				BA9BE4E928750D9C00C68DBD /* MeetingRooms.swift in Sources */,
				E97325EF1FC2BB7D001E267C /* main.swift in Sources */,
				BA8ABA7D28668F7E004AA9FD /* LinkedListCycle.swift in Sources */,
				E971D064213686C00084B631 /* ImplementStrStr.swift in Sources */,
				BAC15A50268E97190036D863 /* MaximumSubarray.swift in Sources */,
				BAC15A56269685A10036D863 /* FindMinimuminRotatedSortedArray.swift in Sources */,
				BA8ABA6D2862A16B004AA9FD /* ContainsDuplicate.swift in Sources */,
				BA9BE4E5286E866F00C68DBD /* ClimbingStairs.swift in Sources */,
				BAFD5A022668563300A7A5C9 /* BinaryTreeInorderTraversal.swift in Sources */,
				BAC15A6C26A0CE2F0036D863 /* UniqueLength3PalindromicSubsequences.swift in Sources */,
				BAC15A7726A773600036D863 /* ShuffleAnArray.swift in Sources */,
				BAC15A60269E69D40036D863 /* CombinationSum.swift in Sources */,
				BA0A1D7A26BA1D2400CD7EBE /* Heap.swift in Sources */,
				BA97451926F0339300C0DC15 /* MaximumProductoftheLengthofTwoPalindromicSubsequences.swift in Sources */,
				BAC15A7126A64D680036D863 /* InsertInterval.swift in Sources */,
				BA0A1D8026BB38CB00CD7EBE /* PathSumII.swift in Sources */,
				BA8ABA7B2866882A004AA9FD /* ReverseLinkedList.swift in Sources */,
				E9F813742062389900CCF69B /* LongestCommonPrefix.swift in Sources */,
				BA8ABA75286539EF004AA9FD /* BestTimetoBuyandSellStock.swift in Sources */,
				E971D068213687B00084B631 /* Implementstrstr.c in Sources */,
				BA0A1D7E26BB31DB00CD7EBE /* MissingNumber.swift in Sources */,
				BACF4A4926797FDB00C96331 /* MergeSortedArray.swift in Sources */,
				E9B8BC6321144EAF00529669 /* RemoveElement.swift in Sources */,
				E97325F81FC2CBB5001E267C /* MergeTwoSortedLists.swift in Sources */,
				E920D3902063AAE7000C06FB /* ValidParentheses.swift in Sources */,
				BA9BE4E7286E891E00C68DBD /* MinCostClimbingStairs.swift in Sources */,
				BAC15A67269FC0B60036D863 /* ReverseBits.swift in Sources */,
				BA0A1D8426BC845D00CD7EBE /* WordBreak.swift in Sources */,
				BAA61DBF286A843000AF4E0A /* KthLargestElementinaStream.swift in Sources */,
				BA9BE4EF28751B0500C68DBD /* HappyNumber.swift in Sources */,
				BAC15A4E268D4A0D0036D863 /* FirstBadVersion.swift in Sources */,
				BA8ABA832868E660004AA9FD /* DiameterofBinaryTree.swift in Sources */,
				E920D38C20638938000C06FB /* AddTwoNumbers.swift in Sources */,
				BA78D5F9286BD598009BA16F /* Subsets.swift in Sources */,
				BA0A1D7626B0ECFF00CD7EBE /* 3SumClosest.swift in Sources */,
				BAC15A4B268D410B0036D863 /* SearchInsertPosition.swift in Sources */,
				BAC15A64269FB88D0036D863 /* RotateArray.swift in Sources */,
				BA9BE4F328752ADA00C68DBD /* SingleNumber.swift in Sources */,
				BA00A09B274DC7CC008CEFA5 /* PermutationinString.swift in Sources */,
				BA8ABA812868E15F004AA9FD /* MaximumDepthofBinaryTree.swift in Sources */,
				E97325F61FC2BBD0001E267C /* ReverseInteger.swift in Sources */,
				BA9BE4ED287510DB00C68DBD /* FibonacciNumber.swift in Sources */,
				BA0B318C256DF75D001C39F3 /* SearchinRotatedSortedArray.swift in Sources */,
				BA0A1D7C26BA277300CD7EBE /* DecodeString.swift in Sources */,
				BAC15A5A2697C7870036D863 /* EliminateMaximumNumberofMonsters.swift in Sources */,
				BAC15A7A26AA4F3C0036D863 /* RobotBoundedInCircle.swift in Sources */,
				BAC15A62269FB0AE0036D863 /* EncodeAndDecodeString.swift in Sources */,
				BA8ABA77286540AB004AA9FD /* MinStack.swift in Sources */,
				BABECA3E27EE506F00633F6E /* TwoCityScheduling.swift in Sources */,
				BAC15A5C269920630036D863 /* MultiplyStrings.swift in Sources */,
				BA0A1D7826BA1B4E00CD7EBE /* LastStoneWeight.swift in Sources */,
				BAC15A52268E9CC50036D863 /* Sqrt.swift in Sources */,
				BAC15A6A26A0B6290036D863 /* MinimumPathSum.swift in Sources */,
				BA9BE4F52876789100C68DBD /* GroupAnagrams.swift in Sources */,
				BA5809E02566132E0059D20A /* BalancedBinaryTree.swift in Sources */,
				BAC15A7326A765F00036D863 /* ReorderList.swift in Sources */,
				E920D38E206391A6000C06FB /* LongestSubstringWithoutRepeatingCharacters.swift in Sources */,
				BA0A1D7426B0E65B00CD7EBE /* KClosestPointstoOrigin.swift in Sources */,
				BA9BE4F1287522A400C68DBD /* PlusOne.swift in Sources */,
				BA8ABA732864059C004AA9FD /* ValidPalindrome.swift in Sources */,
				BAC15A5E269E66FF0036D863 /* CombinationSumII.swift in Sources */,
				BA0A1D8226BC78EE00CD7EBE /* LongestPalindromicSubstring.swift in Sources */,
				BA8ABA7928654445004AA9FD /* BinarySearch.swift in Sources */,
				BAB59E9627ECF92F005AB02E /* BoatstoSavePeople.swift in Sources */,
				E9AAB5871FC2D3D900A9605C /* ListNode.swift in Sources */,
				BABECA4327F24C9100633F6E /* BinarySearchTreeIterator.swift in Sources */,
				E93A56C32108A87000C8A95C /* KthLargestElementInArray.swift in Sources */,
				BA00A099274DC352008CEFA5 /* ImplementStackusingQueues.swift in Sources */,
				BA8ABA7F2868DD91004AA9FD /* InvertBinaryTree.swift in Sources */,
				BA8ABA6F2862A437004AA9FD /* ValidAnagram.swift in Sources */,
				BAC15A5426952AC90036D863 /* ValidSudoku.swift in Sources */,
				BAC15A6E26A102DC0036D863 /* DecodeWays.swift in Sources */,
				BAC15A58269693120036D863 /* ThreeSum.swift in Sources */,
				BAC15A7C26AA53CA0036D863 /* VerifyinganAlienDictionary.swift in Sources */,
				BABECA4127EE596C00633F6E /* ShortestBridge.swift in Sources */,
				BA9BE4EB28750DCA00C68DBD /* Interval.swift in Sources */,
				BA9BE4E3286D3DBB00C68DBD /* NumberofIslands.swift in Sources */,
				BAC15A7526A76F570036D863 /* PaintHouse.swift in Sources */,
				E90D643E2064D3C8003C62C3 /* RegularExpressionMatching.swift in Sources */,
				E9B8BC612114488D00529669 /* RemoveDuplicatesFromSortedArray.swift in Sources */,
				BA8ABA712862A8D4004AA9FD /* TwoSum.swift in Sources */,
				BA97451B26F1732C00C0DC15 /* NumberofPairsofInterchangeableRectangles.swift in Sources */,
				BA5809E9256613CB0059D20A /* TreeNode.swift in Sources */,
				BAFD5A08266D471700A7A5C9 /* AddBinary.swift in Sources */,
			);
			runOnlyForDeploymentPostprocessing = 0;
		};
/* End PBXSourcesBuildPhase section */

/* Begin XCBuildConfiguration section */
		E97325F01FC2BB7D001E267C /* Debug */ = {
			isa = XCBuildConfiguration;
			buildSettings = {
				ALWAYS_SEARCH_USER_PATHS = NO;
				CLANG_ANALYZER_NONNULL = YES;
				CLANG_ANALYZER_NUMBER_OBJECT_CONVERSION = YES_AGGRESSIVE;
				CLANG_CXX_LANGUAGE_STANDARD = "gnu++14";
				CLANG_CXX_LIBRARY = "libc++";
				CLANG_ENABLE_MODULES = YES;
				CLANG_ENABLE_OBJC_ARC = YES;
				CLANG_WARN_BLOCK_CAPTURE_AUTORELEASING = YES;
				CLANG_WARN_BOOL_CONVERSION = YES;
				CLANG_WARN_COMMA = YES;
				CLANG_WARN_CONSTANT_CONVERSION = YES;
				CLANG_WARN_DEPRECATED_OBJC_IMPLEMENTATIONS = YES;
				CLANG_WARN_DIRECT_OBJC_ISA_USAGE = YES_ERROR;
				CLANG_WARN_DOCUMENTATION_COMMENTS = YES;
				CLANG_WARN_EMPTY_BODY = YES;
				CLANG_WARN_ENUM_CONVERSION = YES;
				CLANG_WARN_INFINITE_RECURSION = YES;
				CLANG_WARN_INT_CONVERSION = YES;
				CLANG_WARN_NON_LITERAL_NULL_CONVERSION = YES;
				CLANG_WARN_OBJC_IMPLICIT_RETAIN_SELF = YES;
				CLANG_WARN_OBJC_LITERAL_CONVERSION = YES;
				CLANG_WARN_OBJC_ROOT_CLASS = YES_ERROR;
				CLANG_WARN_QUOTED_INCLUDE_IN_FRAMEWORK_HEADER = YES;
				CLANG_WARN_RANGE_LOOP_ANALYSIS = YES;
				CLANG_WARN_STRICT_PROTOTYPES = YES;
				CLANG_WARN_SUSPICIOUS_MOVE = YES;
				CLANG_WARN_UNGUARDED_AVAILABILITY = YES_AGGRESSIVE;
				CLANG_WARN_UNREACHABLE_CODE = YES;
				CLANG_WARN__DUPLICATE_METHOD_MATCH = YES;
				CODE_SIGN_IDENTITY = "-";
				COPY_PHASE_STRIP = NO;
				DEBUG_INFORMATION_FORMAT = dwarf;
				ENABLE_STRICT_OBJC_MSGSEND = YES;
				ENABLE_TESTABILITY = YES;
				GCC_C_LANGUAGE_STANDARD = gnu11;
				GCC_DYNAMIC_NO_PIC = NO;
				GCC_NO_COMMON_BLOCKS = YES;
				GCC_OPTIMIZATION_LEVEL = 0;
				GCC_PREPROCESSOR_DEFINITIONS = (
					"DEBUG=1",
					"$(inherited)",
				);
				GCC_WARN_64_TO_32_BIT_CONVERSION = YES;
				GCC_WARN_ABOUT_RETURN_TYPE = YES_ERROR;
				GCC_WARN_UNDECLARED_SELECTOR = YES;
				GCC_WARN_UNINITIALIZED_AUTOS = YES_AGGRESSIVE;
				GCC_WARN_UNUSED_FUNCTION = YES;
				GCC_WARN_UNUSED_VARIABLE = YES;
				MACOSX_DEPLOYMENT_TARGET = 10.12;
				MTL_ENABLE_DEBUG_INFO = YES;
				ONLY_ACTIVE_ARCH = YES;
				SDKROOT = macosx;
				SWIFT_ACTIVE_COMPILATION_CONDITIONS = DEBUG;
				SWIFT_OPTIMIZATION_LEVEL = "-Onone";
				SWIFT_VERSION = 5.0;
			};
			name = Debug;
		};
		E97325F11FC2BB7D001E267C /* Release */ = {
			isa = XCBuildConfiguration;
			buildSettings = {
				ALWAYS_SEARCH_USER_PATHS = NO;
				CLANG_ANALYZER_NONNULL = YES;
				CLANG_ANALYZER_NUMBER_OBJECT_CONVERSION = YES_AGGRESSIVE;
				CLANG_CXX_LANGUAGE_STANDARD = "gnu++14";
				CLANG_CXX_LIBRARY = "libc++";
				CLANG_ENABLE_MODULES = YES;
				CLANG_ENABLE_OBJC_ARC = YES;
				CLANG_WARN_BLOCK_CAPTURE_AUTORELEASING = YES;
				CLANG_WARN_BOOL_CONVERSION = YES;
				CLANG_WARN_COMMA = YES;
				CLANG_WARN_CONSTANT_CONVERSION = YES;
				CLANG_WARN_DEPRECATED_OBJC_IMPLEMENTATIONS = YES;
				CLANG_WARN_DIRECT_OBJC_ISA_USAGE = YES_ERROR;
				CLANG_WARN_DOCUMENTATION_COMMENTS = YES;
				CLANG_WARN_EMPTY_BODY = YES;
				CLANG_WARN_ENUM_CONVERSION = YES;
				CLANG_WARN_INFINITE_RECURSION = YES;
				CLANG_WARN_INT_CONVERSION = YES;
				CLANG_WARN_NON_LITERAL_NULL_CONVERSION = YES;
				CLANG_WARN_OBJC_IMPLICIT_RETAIN_SELF = YES;
				CLANG_WARN_OBJC_LITERAL_CONVERSION = YES;
				CLANG_WARN_OBJC_ROOT_CLASS = YES_ERROR;
				CLANG_WARN_QUOTED_INCLUDE_IN_FRAMEWORK_HEADER = YES;
				CLANG_WARN_RANGE_LOOP_ANALYSIS = YES;
				CLANG_WARN_STRICT_PROTOTYPES = YES;
				CLANG_WARN_SUSPICIOUS_MOVE = YES;
				CLANG_WARN_UNGUARDED_AVAILABILITY = YES_AGGRESSIVE;
				CLANG_WARN_UNREACHABLE_CODE = YES;
				CLANG_WARN__DUPLICATE_METHOD_MATCH = YES;
				CODE_SIGN_IDENTITY = "-";
				COPY_PHASE_STRIP = NO;
				DEBUG_INFORMATION_FORMAT = "dwarf-with-dsym";
				ENABLE_NS_ASSERTIONS = NO;
				ENABLE_STRICT_OBJC_MSGSEND = YES;
				GCC_C_LANGUAGE_STANDARD = gnu11;
				GCC_NO_COMMON_BLOCKS = YES;
				GCC_WARN_64_TO_32_BIT_CONVERSION = YES;
				GCC_WARN_ABOUT_RETURN_TYPE = YES_ERROR;
				GCC_WARN_UNDECLARED_SELECTOR = YES;
				GCC_WARN_UNINITIALIZED_AUTOS = YES_AGGRESSIVE;
				GCC_WARN_UNUSED_FUNCTION = YES;
				GCC_WARN_UNUSED_VARIABLE = YES;
				MACOSX_DEPLOYMENT_TARGET = 10.12;
				MTL_ENABLE_DEBUG_INFO = NO;
				SDKROOT = macosx;
				SWIFT_OPTIMIZATION_LEVEL = "-Owholemodule";
				SWIFT_VERSION = 5.0;
			};
			name = Release;
		};
		E97325F31FC2BB7D001E267C /* Debug */ = {
			isa = XCBuildConfiguration;
			buildSettings = {
				CLANG_ENABLE_MODULES = YES;
				CODE_SIGN_IDENTITY = "-";
				CODE_SIGN_STYLE = Automatic;
				LD_RUNPATH_SEARCH_PATHS = "$(inherited) @executable_path/../Frameworks @loader_path/../Frameworks";
				PRODUCT_NAME = "$(TARGET_NAME)";
				SWIFT_OBJC_BRIDGING_HEADER = "leetcode/C/leetcode-Bridging-Header.h";
				SWIFT_OPTIMIZATION_LEVEL = "-Onone";
				SWIFT_VERSION = 5.0;
			};
			name = Debug;
		};
		E97325F41FC2BB7D001E267C /* Release */ = {
			isa = XCBuildConfiguration;
			buildSettings = {
				CLANG_ENABLE_MODULES = YES;
				CODE_SIGN_IDENTITY = "-";
				CODE_SIGN_STYLE = Automatic;
				LD_RUNPATH_SEARCH_PATHS = "$(inherited) @executable_path/../Frameworks @loader_path/../Frameworks";
				PRODUCT_NAME = "$(TARGET_NAME)";
				SWIFT_OBJC_BRIDGING_HEADER = "leetcode/C/leetcode-Bridging-Header.h";
				SWIFT_VERSION = 5.0;
			};
			name = Release;
		};
/* End XCBuildConfiguration section */

/* Begin XCConfigurationList section */
		E97325E61FC2BB7D001E267C /* Build configuration list for PBXProject "leetcode" */ = {
			isa = XCConfigurationList;
			buildConfigurations = (
				E97325F01FC2BB7D001E267C /* Debug */,
				E97325F11FC2BB7D001E267C /* Release */,
			);
			defaultConfigurationIsVisible = 0;
			defaultConfigurationName = Release;
		};
		E97325F21FC2BB7D001E267C /* Build configuration list for PBXNativeTarget "leetcode" */ = {
			isa = XCConfigurationList;
			buildConfigurations = (
				E97325F31FC2BB7D001E267C /* Debug */,
				E97325F41FC2BB7D001E267C /* Release */,
			);
			defaultConfigurationIsVisible = 0;
			defaultConfigurationName = Release;
		};
/* End XCConfigurationList section */
	};
	rootObject = E97325E31FC2BB7D001E267C /* Project object */;
}
